
Microsoft Visual Studio Solution File, Format Version 12.00
# Visual Studio Version 17
VisualStudioVersion = 17.5.33627.172
MinimumVisualStudioVersion = 10.0.40219.1
Project("{FAE04EC0-301F-11D3-BF4B-00C04F79EFBC}") = "UNotions", "UNotions.csproj", "{2E73303E-7031-4FCA-8ACA-09AE3FE029BA}"
EndProject
Global
	GlobalSection(SolutionConfigurationPlatforms) = preSolution
		Debug|Any CPU = Debug|Any CPU
		Release|Any CPU = Release|Any CPU
	EndGlobalSection
	GlobalSection(ProjectConfigurationPlatforms) = postSolution
		{2E73303E-7031-4FCA-8ACA-09AE3FE029BA}.Debug|Any CPU.ActiveCfg = Debug|Any CPU
		{2E73303E-7031-4FCA-8ACA-09AE3FE029BA}.Debug|Any CPU.Build.0 = Debug|Any CPU
		{2E73303E-7031-4FCA-8ACA-09AE3FE029BA}.Release|Any CPU.ActiveCfg = Release|Any CPU
		{2E73303E-7031-4FCA-8ACA-09AE3FE029BA}.Release|Any CPU.Build.0 = Release|Any CPU
	EndGlobalSection
	GlobalSection(SolutionProperties) = preSolution
		HideSolutionNode = FALSE
	EndGlobalSection
	GlobalSection(ExtensibilityGlobals) = postSolution
		SolutionGuid = {B6D28B8A-59C1-433B-94F1-C6F8D28405C0}
	EndGlobalSection
EndGlobal
